
Microsoft Visual Studio Solution File, Format Version 12.00
# Visual Studio 15
VisualStudioVersion = 15.0.28307.572
MinimumVisualStudioVersion = 10.0.40219.1
Project("{FAE04EC0-301F-11D3-BF4B-00C04F79EFBC}") = "Calc170419", "Calc170419\Calc170419.csproj", "{49D2929F-8944-4CD0-8ADF-721FDD796A79}"
EndProject
Global
	GlobalSection(SolutionConfigurationPlatforms) = preSolution
		Debug|Any CPU = Debug|Any CPU
		Release|Any CPU = Release|Any CPU
	EndGlobalSection
	GlobalSection(ProjectConfigurationPlatforms) = postSolution
		{49D2929F-8944-4CD0-8ADF-721FDD796A79}.Debug|Any CPU.ActiveCfg = Debug|Any CPU
		{49D2929F-8944-4CD0-8ADF-721FDD796A79}.Debug|Any CPU.Build.0 = Debug|Any CPU
		{49D2929F-8944-4CD0-8ADF-721FDD796A79}.Release|Any CPU.ActiveCfg = Release|Any CPU
		{49D2929F-8944-4CD0-8ADF-721FDD796A79}.Release|Any CPU.Build.0 = Release|Any CPU
	EndGlobalSection
	GlobalSection(SolutionProperties) = preSolution
		HideSolutionNode = FALSE
	EndGlobalSection
	GlobalSection(ExtensibilityGlobals) = postSolution
		SolutionGuid = {1BD21C62-23AE-464B-93B8-18F20B5D3CB8}
	EndGlobalSection
EndGlobal
